
Microsoft Visual Studio Solution File, Format Version 12.00
# Visual Studio Version 17
VisualStudioVersion = 17.0.32014.148
MinimumVisualStudioVersion = 10.0.40219.1
Project("{FAE04EC0-301F-11D3-BF4B-00C04F79EFBC}") = "TooManyExplosions", "TooManyExplosions\TooManyExplosions.csproj", "{F6E121A7-241B-480B-9478-90408A81FCB3}"
EndProject
Global
	GlobalSection(SolutionConfigurationPlatforms) = preSolution
		Debug|Any CPU = Debug|Any CPU
		Debug|x64 = Debug|x64
		Release|Any CPU = Release|Any CPU
		Release|x64 = Release|x64
	EndGlobalSection
	GlobalSection(ProjectConfigurationPlatforms) = postSolution
		{F6E121A7-241B-480B-9478-90408A81FCB3}.Debug|Any CPU.ActiveCfg = Debug|Any CPU
		{F6E121A7-241B-480B-9478-90408A81FCB3}.Debug|Any CPU.Build.0 = Debug|Any CPU
		{F6E121A7-241B-480B-9478-90408A81FCB3}.Debug|x64.ActiveCfg = Debug|x64
		{F6E121A7-241B-480B-9478-90408A81FCB3}.Debug|x64.Build.0 = Debug|x64
		{F6E121A7-241B-480B-9478-90408A81FCB3}.Release|Any CPU.ActiveCfg = Release|Any CPU
		{F6E121A7-241B-480B-9478-90408A81FCB3}.Release|Any CPU.Build.0 = Release|Any CPU
		{F6E121A7-241B-480B-9478-90408A81FCB3}.Release|x64.ActiveCfg = Release|x64
		{F6E121A7-241B-480B-9478-90408A81FCB3}.Release|x64.Build.0 = Release|x64
	EndGlobalSection
	GlobalSection(SolutionProperties) = preSolution
		HideSolutionNode = FALSE
	EndGlobalSection
	GlobalSection(ExtensibilityGlobals) = postSolution
		SolutionGuid = {C007D893-C9F8-40C4-A002-EB21346756C5}
	EndGlobalSection
EndGlobal
